
Microsoft Visual Studio Solution File, Format Version 12.00
# Visual Studio Version 16
VisualStudioVersion = 16.0.30523.141
MinimumVisualStudioVersion = 10.0.40219.1
Project("{FAE04EC0-301F-11D3-BF4B-00C04F79EFBC}") = "csharp-vathomologoumeni-1", "csharp-vathomologoumeni-1.csproj", "{7CAF22F1-6325-493A-86AA-A31B81667E72}"
EndProject
Global
	GlobalSection(SolutionConfigurationPlatforms) = preSolution
		Debug|Any CPU = Debug|Any CPU
		Release|Any CPU = Release|Any CPU
	EndGlobalSection
	GlobalSection(ProjectConfigurationPlatforms) = postSolution
		{7CAF22F1-6325-493A-86AA-A31B81667E72}.Debug|Any CPU.ActiveCfg = Debug|Any CPU
		{7CAF22F1-6325-493A-86AA-A31B81667E72}.Debug|Any CPU.Build.0 = Debug|Any CPU
		{7CAF22F1-6325-493A-86AA-A31B81667E72}.Release|Any CPU.ActiveCfg = Release|Any CPU
		{7CAF22F1-6325-493A-86AA-A31B81667E72}.Release|Any CPU.Build.0 = Release|Any CPU
	EndGlobalSection
	GlobalSection(SolutionProperties) = preSolution
		HideSolutionNode = FALSE
	EndGlobalSection
	GlobalSection(ExtensibilityGlobals) = postSolution
		SolutionGuid = {1611C816-A0E9-4F31-BB16-FF8FB67E70A1}
	EndGlobalSection
EndGlobal
